// !$*UTF8*$!
{
	archiveVersion = 1;
	classes = {
	};
	objectVersion = 56;
	objects = {

/* Begin PBXBuildFile section */
		A94F739D29A0F19F0002C322 /* VillageHubApp.swift in Sources */ = {isa = PBXBuildFile; fileRef = A94F739C29A0F19F0002C322 /* VillageHubApp.swift */; };
		A94F739F29A0F19F0002C322 /* ContentView.swift in Sources */ = {isa = PBXBuildFile; fileRef = A94F739E29A0F19F0002C322 /* ContentView.swift */; };
		A94F73A129A0F1A10002C322 /* Assets.xcassets in Resources */ = {isa = PBXBuildFile; fileRef = A94F73A029A0F1A10002C322 /* Assets.xcassets */; };
		A94F73A429A0F1A10002C322 /* Preview Assets.xcassets in Resources */ = {isa = PBXBuildFile; fileRef = A94F73A329A0F1A10002C322 /* Preview Assets.xcassets */; };
		A94F73AE29A0F1A10002C322 /* VillageHubTests.swift in Sources */ = {isa = PBXBuildFile; fileRef = A94F73AD29A0F1A10002C322 /* VillageHubTests.swift */; };
		A94F73B829A0F1A10002C322 /* VillageHubUITests.swift in Sources */ = {isa = PBXBuildFile; fileRef = A94F73B729A0F1A10002C322 /* VillageHubUITests.swift */; };
		A94F73BA29A0F1A10002C322 /* VillageHubUITestsLaunchTests.swift in Sources */ = {isa = PBXBuildFile; fileRef = A94F73B929A0F1A10002C322 /* VillageHubUITestsLaunchTests.swift */; };
/* End PBXBuildFile section */

/* Begin PBXContainerItemProxy section */
		A94F73AA29A0F1A10002C322 /* PBXContainerItemProxy */ = {
			isa = PBXContainerItemProxy;
			containerPortal = A94F739129A0F19F0002C322 /* Project object */;
			proxyType = 1;
			remoteGlobalIDString = A94F739829A0F19F0002C322;
			remoteInfo = VillageHub;
		};
		A94F73B429A0F1A10002C322 /* PBXContainerItemProxy */ = {
			isa = PBXContainerItemProxy;
			containerPortal = A94F739129A0F19F0002C322 /* Project object */;
			proxyType = 1;
			remoteGlobalIDString = A94F739829A0F19F0002C322;
			remoteInfo = VillageHub;
		};
/* End PBXContainerItemProxy section */

/* Begin PBXFileReference section */
		A94F739929A0F19F0002C322 /* VillageHub.app */ = {isa = PBXFileReference; explicitFileType = wrapper.application; includeInIndex = 0; path = VillageHub.app; sourceTree = BUILT_PRODUCTS_DIR; };
		A94F739C29A0F19F0002C322 /* VillageHubApp.swift */ = {isa = PBXFileReference; lastKnownFileType = sourcecode.swift; path = VillageHubApp.swift; sourceTree = "<group>"; };
		A94F739E29A0F19F0002C322 /* ContentView.swift */ = {isa = PBXFileReference; lastKnownFileType = sourcecode.swift; path = ContentView.swift; sourceTree = "<group>"; };
		A94F73A029A0F1A10002C322 /* Assets.xcassets */ = {isa = PBXFileReference; lastKnownFileType = folder.assetcatalog; path = Assets.xcassets; sourceTree = "<group>"; };
		A94F73A329A0F1A10002C322 /* Preview Assets.xcassets */ = {isa = PBXFileReference; lastKnownFileType = folder.assetcatalog; path = "Preview Assets.xcassets"; sourceTree = "<group>"; };
		A94F73A929A0F1A10002C322 /* VillageHubTests.xctest */ = {isa = PBXFileReference; explicitFileType = wrapper.cfbundle; includeInIndex = 0; path = VillageHubTests.xctest; sourceTree = BUILT_PRODUCTS_DIR; };
		A94F73AD29A0F1A10002C322 /* VillageHubTests.swift */ = {isa = PBXFileReference; lastKnownFileType = sourcecode.swift; path = VillageHubTests.swift; sourceTree = "<group>"; };
		A94F73B329A0F1A10002C322 /* VillageHubUITests.xctest */ = {isa = PBXFileReference; explicitFileType = wrapper.cfbundle; includeInIndex = 0; path = VillageHubUITests.xctest; sourceTree = BUILT_PRODUCTS_DIR; };
		A94F73B729A0F1A10002C322 /* VillageHubUITests.swift */ = {isa = PBXFileReference; lastKnownFileType = sourcecode.swift; path = VillageHubUITests.swift; sourceTree = "<group>"; };
		A94F73B929A0F1A10002C322 /* VillageHubUITestsLaunchTests.swift */ = {isa = PBXFileReference; lastKnownFileType = sourcecode.swift; path = VillageHubUITestsLaunchTests.swift; sourceTree = "<group>"; };
/* End PBXFileReference section */

/* Begin PBXFrameworksBuildPhase section */
		A94F739629A0F19F0002C322 /* Frameworks */ = {
			isa = PBXFrameworksBuildPhase;
			buildActionMask = 2147483647;
			files = (
			);
			runOnlyForDeploymentPostprocessing = 0;
		};
		A94F73A629A0F1A10002C322 /* Frameworks */ = {
			isa = PBXFrameworksBuildPhase;
			buildActionMask = 2147483647;
			files = (
			);
			runOnlyForDeploymentPostprocessing = 0;
		};
		A94F73B029A0F1A10002C322 /* Frameworks */ = {
			isa = PBXFrameworksBuildPhase;
			buildActionMask = 2147483647;
			files = (
			);
			runOnlyForDeploymentPostprocessing = 0;
		};
/* End PBXFrameworksBuildPhase section */

/* Begin PBXGroup section */
		A94F739029A0F19F0002C322 = {
			isa = PBXGroup;
			children = (
				A94F739B29A0F19F0002C322 /* VillageHub */,
				A94F73AC29A0F1A10002C322 /* VillageHubTests */,
				A94F73B629A0F1A10002C322 /* VillageHubUITests */,
				A94F739A29A0F19F0002C322 /* Products */,
			);
			sourceTree = "<group>";
		};
		A94F739A29A0F19F0002C322 /* Products */ = {
			isa = PBXGroup;
			children = (
				A94F739929A0F19F0002C322 /* VillageHub.app */,
				A94F73A929A0F1A10002C322 /* VillageHubTests.xctest */,
				A94F73B329A0F1A10002C322 /* VillageHubUITests.xctest */,
			);
			name = Products;
			sourceTree = "<group>";
		};
		A94F739B29A0F19F0002C322 /* VillageHub */ = {
			isa = PBXGroup;
			children = (
				A94F739C29A0F19F0002C322 /* VillageHubApp.swift */,
				A94F739E29A0F19F0002C322 /* ContentView.swift */,
				A94F73A029A0F1A10002C322 /* Assets.xcassets */,
				A94F73A229A0F1A10002C322 /* Preview Content */,
			);
			path = VillageHub;
			sourceTree = "<group>";
		};
		A94F73A229A0F1A10002C322 /* Preview Content */ = {
			isa = PBXGroup;
			children = (
				A94F73A329A0F1A10002C322 /* Preview Assets.xcassets */,
			);
			path = "Preview Content";
			sourceTree = "<group>";
		};
		A94F73AC29A0F1A10002C322 /* VillageHubTests */ = {
			isa = PBXGroup;
			children = (
				A94F73AD29A0F1A10002C322 /* VillageHubTests.swift */,
			);
			path = VillageHubTests;
			sourceTree = "<group>";
		};
		A94F73B629A0F1A10002C322 /* VillageHubUITests */ = {
			isa = PBXGroup;
			children = (
				A94F73B729A0F1A10002C322 /* VillageHubUITests.swift */,
				A94F73B929A0F1A10002C322 /* VillageHubUITestsLaunchTests.swift */,
			);
			path = VillageHubUITests;
			sourceTree = "<group>";
		};
/* End PBXGroup section */

/* Begin PBXNativeTarget section */
		A94F739829A0F19F0002C322 /* VillageHub */ = {
			isa = PBXNativeTarget;
			buildConfigurationList = A94F73BD29A0F1A10002C322 /* Build configuration list for PBXNativeTarget "VillageHub" */;
			buildPhases = (
				A94F739529A0F19F0002C322 /* Sources */,
				A94F739629A0F19F0002C322 /* Frameworks */,
				A94F739729A0F19F0002C322 /* Resources */,
			);
			buildRules = (
			);
			dependencies = (
			);
			name = VillageHub;
			productName = VillageHub;
			productReference = A94F739929A0F19F0002C322 /* VillageHub.app */;
			productType = "com.apple.product-type.application";
		};
		A94F73A829A0F1A10002C322 /* VillageHubTests */ = {
			isa = PBXNativeTarget;
			buildConfigurationList = A94F73C029A0F1A10002C322 /* Build configuration list for PBXNativeTarget "VillageHubTests" */;
			buildPhases = (
				A94F73A529A0F1A10002C322 /* Sources */,
				A94F73A629A0F1A10002C322 /* Frameworks */,
				A94F73A729A0F1A10002C322 /* Resources */,
			);
			buildRules = (
			);
			dependencies = (
				A94F73AB29A0F1A10002C322 /* PBXTargetDependency */,
			);
			name = VillageHubTests;
			productName = VillageHubTests;
			productReference = A94F73A929A0F1A10002C322 /* VillageHubTests.xctest */;
			productType = "com.apple.product-type.bundle.unit-test";
		};
		A94F73B229A0F1A10002C322 /* VillageHubUITests */ = {
			isa = PBXNativeTarget;
			buildConfigurationList = A94F73C329A0F1A10002C322 /* Build configuration list for PBXNativeTarget "VillageHubUITests" */;
			buildPhases = (
				A94F73AF29A0F1A10002C322 /* Sources */,
				A94F73B029A0F1A10002C322 /* Frameworks */,
				A94F73B129A0F1A10002C322 /* Resources */,
			);
			buildRules = (
			);
			dependencies = (
				A94F73B529A0F1A10002C322 /* PBXTargetDependency */,
			);
			name = VillageHubUITests;
			productName = VillageHubUITests;
			productReference = A94F73B329A0F1A10002C322 /* VillageHubUITests.xctest */;
			productType = "com.apple.product-type.bundle.ui-testing";
		};
/* End PBXNativeTarget section */

/* Begin PBXProject section */
		A94F739129A0F19F0002C322 /* Project object */ = {
			isa = PBXProject;
			attributes = {
				BuildIndependentTargetsInParallel = 1;
				LastSwiftUpdateCheck = 1420;
				LastUpgradeCheck = 1420;
				TargetAttributes = {
					A94F739829A0F19F0002C322 = {
						CreatedOnToolsVersion = 14.2;
					};
					A94F73A829A0F1A10002C322 = {
						CreatedOnToolsVersion = 14.2;
						TestTargetID = A94F739829A0F19F0002C322;
					};
					A94F73B229A0F1A10002C322 = {
						CreatedOnToolsVersion = 14.2;
						TestTargetID = A94F739829A0F19F0002C322;
					};
				};
			};
			buildConfigurationList = A94F739429A0F19F0002C322 /* Build configuration list for PBXProject "VillageHub" */;
			compatibilityVersion = "Xcode 14.0";
			developmentRegion = en;
			hasScannedForEncodings = 0;
			knownRegions = (
				en,
				Base,
			);
			mainGroup = A94F739029A0F19F0002C322;
			productRefGroup = A94F739A29A0F19F0002C322 /* Products */;
			projectDirPath = "";
			projectRoot = "";
			targets = (
				A94F739829A0F19F0002C322 /* VillageHub */,
				A94F73A829A0F1A10002C322 /* VillageHubTests */,
				A94F73B229A0F1A10002C322 /* VillageHubUITests */,
			);
		};
/* End PBXProject section */

/* Begin PBXResourcesBuildPhase section */
		A94F739729A0F19F0002C322 /* Resources */ = {
			isa = PBXResourcesBuildPhase;
			buildActionMask = 2147483647;
			files = (
				A94F73A429A0F1A10002C322 /* Preview Assets.xcassets in Resources */,
				A94F73A129A0F1A10002C322 /* Assets.xcassets in Resources */,
			);
			runOnlyForDeploymentPostprocessing = 0;
		};
		A94F73A729A0F1A10002C322 /* Resources */ = {
			isa = PBXResourcesBuildPhase;
			buildActionMask = 2147483647;
			files = (
			);
			runOnlyForDeploymentPostprocessing = 0;
		};
		A94F73B129A0F1A10002C322 /* Resources */ = {
			isa = PBXResourcesBuildPhase;
			buildActionMask = 2147483647;
			files = (
			);
			runOnlyForDeploymentPostprocessing = 0;
		};
/* End PBXResourcesBuildPhase section */

/* Begin PBXSourcesBuildPhase section */
		A94F739529A0F19F0002C322 /* Sources */ = {
			isa = PBXSourcesBuildPhase;
			buildActionMask = 2147483647;
			files = (
				A94F739F29A0F19F0002C322 /* ContentView.swift in Sources */,
				A94F739D29A0F19F0002C322 /* VillageHubApp.swift in Sources */,
			);
			runOnlyForDeploymentPostprocessing = 0;
		};
		A94F73A529A0F1A10002C322 /* Sources */ = {
			isa = PBXSourcesBuildPhase;
			buildActionMask = 2147483647;
			files = (
				A94F73AE29A0F1A10002C322 /* VillageHubTests.swift in Sources */,
			);
			runOnlyForDeploymentPostprocessing = 0;
		};
		A94F73AF29A0F1A10002C322 /* Sources */ = {
			isa = PBXSourcesBuildPhase;
			buildActionMask = 2147483647;
			files = (
				A94F73B829A0F1A10002C322 /* VillageHubUITests.swift in Sources */,
				A94F73BA29A0F1A10002C322 /* VillageHubUITestsLaunchTests.swift in Sources */,
			);
			runOnlyForDeploymentPostprocessing = 0;
		};
/* End PBXSourcesBuildPhase section */

/* Begin PBXTargetDependency section */
		A94F73AB29A0F1A10002C322 /* PBXTargetDependency */ = {
			isa = PBXTargetDependency;
			target = A94F739829A0F19F0002C322 /* VillageHub */;
			targetProxy = A94F73AA29A0F1A10002C322 /* PBXContainerItemProxy */;
		};
		A94F73B529A0F1A10002C322 /* PBXTargetDependency */ = {
			isa = PBXTargetDependency;
			target = A94F739829A0F19F0002C322 /* VillageHub */;
			targetProxy = A94F73B429A0F1A10002C322 /* PBXContainerItemProxy */;
		};
/* End PBXTargetDependency section */

/* Begin XCBuildConfiguration section */
		A94F73BB29A0F1A10002C322 /* Debug */ = {
			isa = XCBuildConfiguration;
			buildSettings = {
				ALWAYS_SEARCH_USER_PATHS = NO;
				CLANG_ANALYZER_NONNULL = YES;
				CLANG_ANALYZER_NUMBER_OBJECT_CONVERSION = YES_AGGRESSIVE;
				CLANG_CXX_LANGUAGE_STANDARD = "gnu++20";
				CLANG_ENABLE_MODULES = YES;
				CLANG_ENABLE_OBJC_ARC = YES;
				CLANG_ENABLE_OBJC_WEAK = YES;
				CLANG_WARN_BLOCK_CAPTURE_AUTORELEASING = YES;
				CLANG_WARN_BOOL_CONVERSION = YES;
				CLANG_WARN_COMMA = YES;
				CLANG_WARN_CONSTANT_CONVERSION = YES;
				CLANG_WARN_DEPRECATED_OBJC_IMPLEMENTATIONS = YES;
				CLANG_WARN_DIRECT_OBJC_ISA_USAGE = YES_ERROR;
				CLANG_WARN_DOCUMENTATION_COMMENTS = YES;
				CLANG_WARN_EMPTY_BODY = YES;
				CLANG_WARN_ENUM_CONVERSION = YES;
				CLANG_WARN_INFINITE_RECURSION = YES;
				CLANG_WARN_INT_CONVERSION = YES;
				CLANG_WARN_NON_LITERAL_NULL_CONVERSION = YES;
				CLANG_WARN_OBJC_IMPLICIT_RETAIN_SELF = YES;
				CLANG_WARN_OBJC_LITERAL_CONVERSION = YES;
				CLANG_WARN_OBJC_ROOT_CLASS = YES_ERROR;
				CLANG_WARN_QUOTED_INCLUDE_IN_FRAMEWORK_HEADER = YES;
				CLANG_WARN_RANGE_LOOP_ANALYSIS = YES;
				CLANG_WARN_STRICT_PROTOTYPES = YES;
				CLANG_WARN_SUSPICIOUS_MOVE = YES;
				CLANG_WARN_UNGUARDED_AVAILABILITY = YES_AGGRESSIVE;
				CLANG_WARN_UNREACHABLE_CODE = YES;
				CLANG_WARN__DUPLICATE_METHOD_MATCH = YES;
				COPY_PHASE_STRIP = NO;
				DEBUG_INFORMATION_FORMAT = dwarf;
				ENABLE_STRICT_OBJC_MSGSEND = YES;
				ENABLE_TESTABILITY = YES;
				GCC_C_LANGUAGE_STANDARD = gnu11;
				GCC_DYNAMIC_NO_PIC = NO;
				GCC_NO_COMMON_BLOCKS = YES;
				GCC_OPTIMIZATION_LEVEL = 0;
				GCC_PREPROCESSOR_DEFINITIONS = (
					"DEBUG=1",
					"$(inherited)",
				);
				GCC_WARN_64_TO_32_BIT_CONVERSION = YES;
				GCC_WARN_ABOUT_RETURN_TYPE = YES_ERROR;
				GCC_WARN_UNDECLARED_SELECTOR = YES;
				GCC_WARN_UNINITIALIZED_AUTOS = YES_AGGRESSIVE;
				GCC_WARN_UNUSED_FUNCTION = YES;
				GCC_WARN_UNUSED_VARIABLE = YES;
				IPHONEOS_DEPLOYMENT_TARGET = 16.2;
				MTL_ENABLE_DEBUG_INFO = INCLUDE_SOURCE;
				MTL_FAST_MATH = YES;
				ONLY_ACTIVE_ARCH = YES;
				SDKROOT = iphoneos;
				SWIFT_ACTIVE_COMPILATION_CONDITIONS = DEBUG;
				SWIFT_OPTIMIZATION_LEVEL = "-Onone";
			};
			name = Debug;
		};
		A94F73BC29A0F1A10002C322 /* Release */ = {
			isa = XCBuildConfiguration;
			buildSettings = {
				ALWAYS_SEARCH_USER_PATHS = NO;
				CLANG_ANALYZER_NONNULL = YES;
				CLANG_ANALYZER_NUMBER_OBJECT_CONVERSION = YES_AGGRESSIVE;
				CLANG_CXX_LANGUAGE_STANDARD = "gnu++20";
				CLANG_ENABLE_MODULES = YES;
				CLANG_ENABLE_OBJC_ARC = YES;
				CLANG_ENABLE_OBJC_WEAK = YES;
				CLANG_WARN_BLOCK_CAPTURE_AUTORELEASING = YES;
				CLANG_WARN_BOOL_CONVERSION = YES;
				CLANG_WARN_COMMA = YES;
				CLANG_WARN_CONSTANT_CONVERSION = YES;
				CLANG_WARN_DEPRECATED_OBJC_IMPLEMENTATIONS = YES;
				CLANG_WARN_DIRECT_OBJC_ISA_USAGE = YES_ERROR;
				CLANG_WARN_DOCUMENTATION_COMMENTS = YES;
				CLANG_WARN_EMPTY_BODY = YES;
				CLANG_WARN_ENUM_CONVERSION = YES;
				CLANG_WARN_INFINITE_RECURSION = YES;
				CLANG_WARN_INT_CONVERSION = YES;
				CLANG_WARN_NON_LITERAL_NULL_CONVERSION = YES;
				CLANG_WARN_OBJC_IMPLICIT_RETAIN_SELF = YES;
				CLANG_WARN_OBJC_LITERAL_CONVERSION = YES;
				CLANG_WARN_OBJC_ROOT_CLASS = YES_ERROR;
				CLANG_WARN_QUOTED_INCLUDE_IN_FRAMEWORK_HEADER = YES;
				CLANG_WARN_RANGE_LOOP_ANALYSIS = YES;
				CLANG_WARN_STRICT_PROTOTYPES = YES;
				CLANG_WARN_SUSPICIOUS_MOVE = YES;
				CLANG_WARN_UNGUARDED_AVAILABILITY = YES_AGGRESSIVE;
				CLANG_WARN_UNREACHABLE_CODE = YES;
				CLANG_WARN__DUPLICATE_METHOD_MATCH = YES;
				COPY_PHASE_STRIP = NO;
				DEBUG_INFORMATION_FORMAT = "dwarf-with-dsym";
				ENABLE_NS_ASSERTIONS = NO;
				ENABLE_STRICT_OBJC_MSGSEND = YES;
				GCC_C_LANGUAGE_STANDARD = gnu11;
				GCC_NO_COMMON_BLOCKS = YES;
				GCC_WARN_64_TO_32_BIT_CONVERSION = YES;
				GCC_WARN_ABOUT_RETURN_TYPE = YES_ERROR;
				GCC_WARN_UNDECLARED_SELECTOR = YES;
				GCC_WARN_UNINITIALIZED_AUTOS = YES_AGGRESSIVE;
				GCC_WARN_UNUSED_FUNCTION = YES;
				GCC_WARN_UNUSED_VARIABLE = YES;
				IPHONEOS_DEPLOYMENT_TARGET = 16.2;
				MTL_ENABLE_DEBUG_INFO = NO;
				MTL_FAST_MATH = YES;
				SDKROOT = iphoneos;
				SWIFT_COMPILATION_MODE = wholemodule;
				SWIFT_OPTIMIZATION_LEVEL = "-O";
				VALIDATE_PRODUCT = YES;
			};
			name = Release;
		};
		A94F73BE29A0F1A10002C322 /* Debug */ = {
			isa = XCBuildConfiguration;
			buildSettings = {
				ASSETCATALOG_COMPILER_APPICON_NAME = AppIcon;
				ASSETCATALOG_COMPILER_GLOBAL_ACCENT_COLOR_NAME = AccentColor;
				CODE_SIGN_STYLE = Automatic;
				CURRENT_PROJECT_VERSION = 1;
				DEVELOPMENT_ASSET_PATHS = "\"VillageHub/Preview Content\"";
				ENABLE_PREVIEWS = YES;
				GENERATE_INFOPLIST_FILE = YES;
				INFOPLIST_KEY_UIApplicationSceneManifest_Generation = YES;
				INFOPLIST_KEY_UIApplicationSupportsIndirectInputEvents = YES;
				INFOPLIST_KEY_UILaunchScreen_Generation = YES;
				INFOPLIST_KEY_UISupportedInterfaceOrientations_iPad = "UIInterfaceOrientationPortrait UIInterfaceOrientationPortraitUpsideDown UIInterfaceOrientationLandscapeLeft UIInterfaceOrientationLandscapeRight";
				INFOPLIST_KEY_UISupportedInterfaceOrientations_iPhone = "UIInterfaceOrientationPortrait UIInterfaceOrientationLandscapeLeft UIInterfaceOrientationLandscapeRight";
				LD_RUNPATH_SEARCH_PATHS = (
					"$(inherited)",
					"@executable_path/Frameworks",
				);
				MARKETING_VERSION = 1.0;
				PRODUCT_BUNDLE_IDENTIFIER = com.fikriyuwi.VillageHub;
				PRODUCT_NAME = "$(TARGET_NAME)";
				SWIFT_EMIT_LOC_STRINGS = YES;
				SWIFT_VERSION = 5.0;
				TARGETED_DEVICE_FAMILY = "1,2";
			};
			name = Debug;
		};
		A94F73BF29A0F1A10002C322 /* Release */ = {
			isa = XCBuildConfiguration;
			buildSettings = {
				ASSETCATALOG_COMPILER_APPICON_NAME = AppIcon;
				ASSETCATALOG_COMPILER_GLOBAL_ACCENT_COLOR_NAME = AccentColor;
				CODE_SIGN_STYLE = Automatic;
				CURRENT_PROJECT_VERSION = 1;
				DEVELOPMENT_ASSET_PATHS = "\"VillageHub/Preview Content\"";
				ENABLE_PREVIEWS = YES;
				GENERATE_INFOPLIST_FILE = YES;
				INFOPLIST_KEY_UIApplicationSceneManifest_Generation = YES;
				INFOPLIST_KEY_UIApplicationSupportsIndirectInputEvents = YES;
				INFOPLIST_KEY_UILaunchScreen_Generation = YES;
				INFOPLIST_KEY_UISupportedInterfaceOrientations_iPad = "UIInterfaceOrientationPortrait UIInterfaceOrientationPortraitUpsideDown UIInterfaceOrientationLandscapeLeft UIInterfaceOrientationLandscapeRight";
				INFOPLIST_KEY_UISupportedInterfaceOrientations_iPhone = "UIInterfaceOrientationPortrait UIInterfaceOrientationLandscapeLeft UIInterfaceOrientationLandscapeRight";
				LD_RUNPATH_SEARCH_PATHS = (
					"$(inherited)",
					"@executable_path/Frameworks",
				);
				MARKETING_VERSION = 1.0;
				PRODUCT_BUNDLE_IDENTIFIER = com.fikriyuwi.VillageHub;
				PRODUCT_NAME = "$(TARGET_NAME)";
				SWIFT_EMIT_LOC_STRINGS = YES;
				SWIFT_VERSION = 5.0;
				TARGETED_DEVICE_FAMILY = "1,2";
			};
			name = Release;
		};
		A94F73C129A0F1A10002C322 /* Debug */ = {
			isa = XCBuildConfiguration;
			buildSettings = {
				ALWAYS_EMBED_SWIFT_STANDARD_LIBRARIES = YES;
				BUNDLE_LOADER = "$(TEST_HOST)";
				CODE_SIGN_STYLE = Automatic;
				CURRENT_PROJECT_VERSION = 1;
				GENERATE_INFOPLIST_FILE = YES;
				IPHONEOS_DEPLOYMENT_TARGET = 16.2;
				MARKETING_VERSION = 1.0;
				PRODUCT_BUNDLE_IDENTIFIER = com.fikriyuwi.VillageHubTests;
				PRODUCT_NAME = "$(TARGET_NAME)";
				SWIFT_EMIT_LOC_STRINGS = NO;
				SWIFT_VERSION = 5.0;
				TARGETED_DEVICE_FAMILY = "1,2";
				TEST_HOST = "$(BUILT_PRODUCTS_DIR)/VillageHub.app/$(BUNDLE_EXECUTABLE_FOLDER_PATH)/VillageHub";
			};
			name = Debug;
		};
		A94F73C229A0F1A10002C322 /* Release */ = {
			isa = XCBuildConfiguration;
			buildSettings = {
				ALWAYS_EMBED_SWIFT_STANDARD_LIBRARIES = YES;
				BUNDLE_LOADER = "$(TEST_HOST)";
				CODE_SIGN_STYLE = Automatic;
				CURRENT_PROJECT_VERSION = 1;
				GENERATE_INFOPLIST_FILE = YES;
				IPHONEOS_DEPLOYMENT_TARGET = 16.2;
				MARKETING_VERSION = 1.0;
				PRODUCT_BUNDLE_IDENTIFIER = com.fikriyuwi.VillageHubTests;
				PRODUCT_NAME = "$(TARGET_NAME)";
				SWIFT_EMIT_LOC_STRINGS = NO;
				SWIFT_VERSION = 5.0;
				TARGETED_DEVICE_FAMILY = "1,2";
				TEST_HOST = "$(BUILT_PRODUCTS_DIR)/VillageHub.app/$(BUNDLE_EXECUTABLE_FOLDER_PATH)/VillageHub";
			};
			name = Release;
		};
		A94F73C429A0F1A10002C322 /* Debug */ = {
			isa = XCBuildConfiguration;
			buildSettings = {
				ALWAYS_EMBED_SWIFT_STANDARD_LIBRARIES = YES;
				CODE_SIGN_STYLE = Automatic;
				CURRENT_PROJECT_VERSION = 1;
				GENERATE_INFOPLIST_FILE = YES;
				MARKETING_VERSION = 1.0;
				PRODUCT_BUNDLE_IDENTIFIER = com.fikriyuwi.VillageHubUITests;
				PRODUCT_NAME = "$(TARGET_NAME)";
				SWIFT_EMIT_LOC_STRINGS = NO;
				SWIFT_VERSION = 5.0;
				TARGETED_DEVICE_FAMILY = "1,2";
				TEST_TARGET_NAME = VillageHub;
			};
			name = Debug;
		};
		A94F73C529A0F1A10002C322 /* Release */ = {
			isa = XCBuildConfiguration;
			buildSettings = {
				ALWAYS_EMBED_SWIFT_STANDARD_LIBRARIES = YES;
				CODE_SIGN_STYLE = Automatic;
				CURRENT_PROJECT_VERSION = 1;
				GENERATE_INFOPLIST_FILE = YES;
				MARKETING_VERSION = 1.0;
				PRODUCT_BUNDLE_IDENTIFIER = com.fikriyuwi.VillageHubUITests;
				PRODUCT_NAME = "$(TARGET_NAME)";
				SWIFT_EMIT_LOC_STRINGS = NO;
				SWIFT_VERSION = 5.0;
				TARGETED_DEVICE_FAMILY = "1,2";
				TEST_TARGET_NAME = VillageHub;
			};
			name = Release;
		};
/* End XCBuildConfiguration section */

/* Begin XCConfigurationList section */
		A94F739429A0F19F0002C322 /* Build configuration list for PBXProject "VillageHub" */ = {
			isa = XCConfigurationList;
			buildConfigurations = (
				A94F73BB29A0F1A10002C322 /* Debug */,
				A94F73BC29A0F1A10002C322 /* Release */,
			);
			defaultConfigurationIsVisible = 0;
			defaultConfigurationName = Release;
		};
		A94F73BD29A0F1A10002C322 /* Build configuration list for PBXNativeTarget "VillageHub" */ = {
			isa = XCConfigurationList;
			buildConfigurations = (
				A94F73BE29A0F1A10002C322 /* Debug */,
				A94F73BF29A0F1A10002C322 /* Release */,
			);
			defaultConfigurationIsVisible = 0;
			defaultConfigurationName = Release;
		};
		A94F73C029A0F1A10002C322 /* Build configuration list for PBXNativeTarget "VillageHubTests" */ = {
			isa = XCConfigurationList;
			buildConfigurations = (
				A94F73C129A0F1A10002C322 /* Debug */,
				A94F73C229A0F1A10002C322 /* Release */,
			);
			defaultConfigurationIsVisible = 0;
			defaultConfigurationName = Release;
		};
		A94F73C329A0F1A10002C322 /* Build configuration list for PBXNativeTarget "VillageHubUITests" */ = {
			isa = XCConfigurationList;
			buildConfigurations = (
				A94F73C429A0F1A10002C322 /* Debug */,
				A94F73C529A0F1A10002C322 /* Release */,
			);
			defaultConfigurationIsVisible = 0;
			defaultConfigurationName = Release;
		};
/* End XCConfigurationList section */
	};
	rootObject = A94F739129A0F19F0002C322 /* Project object */;
}
